{
  "pins" : [
    {
      "identity" : "binarybirds-swift-css",
      "kind" : "remoteSourceControl",
      "location" : "https://github.com/atacan/BinaryBirds-swift-css",
      "state" : {
        "branch" : "for-html-styling",
        "revision" : "4dc67269f0f5cb1cbf1f71dcf3bdf3d625b57e05"
      }
    },
    {
      "identity" : "binarybirds-swift-html",
      "kind" : "remoteSourceControl",
      "location" : "https://github.com/atacan/BinaryBirds-swift-html",
      "state" : {
        "branch" : "main",
        "revision" : "ff01b2233db319b42db713825b731f8cca2c82fd"
      }
    }
  ],
  "version" : 2
}
